
Microsoft Visual Studio Solution File, Format Version 12.00
# Visual Studio 15
VisualStudioVersion = 15.0.27130.2020
MinimumVisualStudioVersion = 10.0.40219.1
Project("{FAE04EC0-301F-11D3-BF4B-00C04F79EFBC}") = "MinesClientKassim", "MinesClient\MinesClientKassim.csproj", "{AFC66337-FD17-4826-A27E-DAD73544F355}"
EndProject
Global
	GlobalSection(SolutionConfigurationPlatforms) = preSolution
		Debug|Any CPU = Debug|Any CPU
		Release|Any CPU = Release|Any CPU
	EndGlobalSection
	GlobalSection(ProjectConfigurationPlatforms) = postSolution
		{AFC66337-FD17-4826-A27E-DAD73544F355}.Debug|Any CPU.ActiveCfg = Debug|Any CPU
		{AFC66337-FD17-4826-A27E-DAD73544F355}.Debug|Any CPU.Build.0 = Debug|Any CPU
		{AFC66337-FD17-4826-A27E-DAD73544F355}.Release|Any CPU.ActiveCfg = Release|Any CPU
		{AFC66337-FD17-4826-A27E-DAD73544F355}.Release|Any CPU.Build.0 = Release|Any CPU
	EndGlobalSection
	GlobalSection(SolutionProperties) = preSolution
		HideSolutionNode = FALSE
	EndGlobalSection
	GlobalSection(ExtensibilityGlobals) = postSolution
		SolutionGuid = {858D26BB-8D4A-49AB-9551-4C778CDF02B6}
	EndGlobalSection
EndGlobal
